<?xml version="1.0" encoding="utf-8"?>
<Project ToolsVersion="4.0" xmlns="http://schemas.microsoft.com/developer/msbuild/2003">
  <ItemGroup>
    <Filter Include="Source Files">
      <UniqueIdentifier>{4FC737F1-C7A5-4376-A066-2A32D752A2FF}</UniqueIdentifier>
      <Extensions>cpp;c;cc;cxx;def;odl;idl;hpj;bat;asm;asmx</Extensions>
    </Filter>
    <Filter Include="Header Files">
      <UniqueIdentifier>{93995380-89BD-4b04-88EB-625FBE52EBFB}</UniqueIdentifier>
      <Extensions>h;hh;hpp;hxx;hm;inl;inc;xsd</Extensions>
    </Filter>
    <Filter Include="Resource Files">
      <UniqueIdentifier>{67DA6AB6-F800-4c08-8B7A-83BB121AAD01}</UniqueIdentifier>
      <Extensions>rc;ico;cur;bmp;dlg;rc2;rct;bin;rgs;gif;jpg;jpeg;jpe;resx;tiff;tif;png;wav;mfcribbon-ms</Extensions>
    </Filter>
    <Filter Include="Header Files\components">
      <UniqueIdentifier>{8df8398e-1c41-407d-b616-1855a9dee1b8}</UniqueIdentifier>
    </Filter>
    <Filter Include="Header Files\entities">
      <UniqueIdentifier>{d2017e20-0f47-4ef6-9c66-2b302724ef80}</UniqueIdentifier>
    </Filter>
    <Filter Include="Header Files\tmx">
      <UniqueIdentifier>{a553ca60-cb8c-4f85-bb53-b1198c171e8e}</UniqueIdentifier>
    </Filter>
    <Filter Include="Source Files\components">
      <UniqueIdentifier>{8a52089d-12f4-4bac-8d6b-80b957ca86da}</UniqueIdentifier>
    </Filter>
    <Filter Include="Source Files\entities">
      <UniqueIdentifier>{a87492ca-6a16-4fc6-9996-d783e761bd96}</UniqueIdentifier>
    </Filter>
    <Filter Include="Source Files\tmx">
      <UniqueIdentifier>{673d26d1-7125-4b8f-868a-9210f0b542bb}</UniqueIdentifier>
    </Filter>
    <Filter Include="Header Files\states">
      <UniqueIdentifier>{9ed73758-dddd-49f0-969e-5339a6e35c45}</UniqueIdentifier>
    </Filter>
    <Filter Include="Source Files\states">
      <UniqueIdentifier>{9ff00265-6913-4d43-ab84-96882de94c46}</UniqueIdentifier>
    </Filter>
  </ItemGroup>
  <ItemGroup>
    <ClInclude Include="include\camera.hpp">
      <Filter>Header Files</Filter>
    </ClInclude>
    <ClInclude Include="include\colors.hpp">
      <Filter>Header Files</Filter>
    </ClInclude>
    <ClInclude Include="include\defines.hpp">
      <Filter>Header Files</Filter>
    </ClInclude>
    <ClInclude Include="include\entity.hpp">
      <Filter>Header Files</Filter>
    </ClInclude>
    <ClInclude Include="include\exception.hpp">
      <Filter>Header Files</Filter>
    </ClInclude>
    <ClInclude Include="include\game.hpp">
      <Filter>Header Files</Filter>
    </ClInclude>
    <ClInclude Include="include\graphics.hpp">
      <Filter>Header Files</Filter>
    </ClInclude>
    <ClInclude Include="include\helper_events.hpp">
      <Filter>Header Files</Filter>
    </ClInclude>
    <ClInclude Include="include\level.hpp">
      <Filter>Header Files</Filter>
    </ClInclude>
    <ClInclude Include="include\logger.hpp">
      <Filter>Header Files</Filter>
    </ClInclude>
    <ClInclude Include="include\map.hpp">
      <Filter>Header Files</Filter>
    </ClInclude>
    <ClInclude Include="include\resourcemanager.hpp">
      <Filter>Header Files</Filter>
    </ClInclude>
    <ClInclude Include="include\state.hpp">
      <Filter>Header Files</Filter>
    </ClInclude>
    <ClInclude Include="include\statemanager.hpp">
      <Filter>Header Files</Filter>
    </ClInclude>
    <ClInclude Include="include\texture.hpp">
      <Filter>Header Files</Filter>
    </ClInclude>
    <ClInclude Include="include\timer.hpp">
      <Filter>Header Files</Filter>
    </ClInclude>
    <ClInclude Include="include\vector.hpp">
      <Filter>Header Files</Filter>
    </ClInclude>
    <ClInclude Include="include\window.hpp">
      <Filter>Header Files</Filter>
    </ClInclude>
    <ClInclude Include="include\components\animatedsprite.hpp">
      <Filter>Header Files\components</Filter>
    </ClInclude>
    <ClInclude Include="include\components\base.hpp">
      <Filter>Header Files\components</Filter>
    </ClInclude>
    <ClInclude Include="include\components\graphics.hpp">
      <Filter>Header Files\components</Filter>
    </ClInclude>
    <ClInclude Include="include\components\position.hpp">
      <Filter>Header Files\components</Filter>
    </ClInclude>
    <ClInclude Include="include\components\staticsprite.hpp">
      <Filter>Header Files\components</Filter>
    </ClInclude>
    <ClInclude Include="include\entities\tux.hpp">
      <Filter>Header Files\entities</Filter>
    </ClInclude>
    <ClInclude Include="include\tmx\Adaptor.h">
      <Filter>Header Files\tmx</Filter>
    </ClInclude>
    <ClInclude Include="include\tmx\Cell.h">
      <Filter>Header Files\tmx</Filter>
    </ClInclude>
    <ClInclude Include="include\tmx\Component.h">
      <Filter>Header Files\tmx</Filter>
    </ClInclude>
    <ClInclude Include="include\tmx\Geometry.h">
      <Filter>Header Files\tmx</Filter>
    </ClInclude>
    <ClInclude Include="include\tmx\Image.h">
      <Filter>Header Files\tmx</Filter>
    </ClInclude>
    <ClInclude Include="include\tmx\ImageLayer.h">
      <Filter>Header Files\tmx</Filter>
    </ClInclude>
    <ClInclude Include="include\tmx\Layer.h">
      <Filter>Header Files\tmx</Filter>
    </ClInclude>
    <ClInclude Include="include\tmx\LayerVisitor.h">
      <Filter>Header Files\tmx</Filter>
    </ClInclude>
    <ClInclude Include="include\tmx\Map.h">
      <Filter>Header Files\tmx</Filter>
    </ClInclude>
    <ClInclude Include="include\tmx\Object.h">
      <Filter>Header Files\tmx</Filter>
    </ClInclude>
    <ClInclude Include="include\tmx\ObjectLayer.h">
      <Filter>Header Files\tmx</Filter>
    </ClInclude>
    <ClInclude Include="include\tmx\Terrain.h">
      <Filter>Header Files\tmx</Filter>
    </ClInclude>
    <ClInclude Include="include\tmx\Tile.h">
      <Filter>Header Files\tmx</Filter>
    </ClInclude>
    <ClInclude Include="include\tmx\TileLayer.h">
      <Filter>Header Files\tmx</Filter>
    </ClInclude>
    <ClInclude Include="include\tmx\TileSet.h">
      <Filter>Header Files\tmx</Filter>
    </ClInclude>
    <ClInclude Include="include\states\maingamestate.hpp">
      <Filter>Header Files\states</Filter>
    </ClInclude>
    <ClInclude Include="include\states\pausedstate.hpp">
      <Filter>Header Files\states</Filter>
    </ClInclude>
  </ItemGroup>
  <ItemGroup>
    <ClCompile Include="src\camera.cpp">
      <Filter>Source Files</Filter>
    </ClCompile>
    <ClCompile Include="src\colors.cpp">
      <Filter>Source Files</Filter>
    </ClCompile>
    <ClCompile Include="src\entity.cpp">
      <Filter>Source Files</Filter>
    </ClCompile>
    <ClCompile Include="src\game.cpp">
      <Filter>Source Files</Filter>
    </ClCompile>
    <ClCompile Include="src\graphics.cpp">
      <Filter>Source Files</Filter>
    </ClCompile>
    <ClCompile Include="src\helper_events.cpp">
      <Filter>Source Files</Filter>
    </ClCompile>
    <ClCompile Include="src\level.cpp">
      <Filter>Source Files</Filter>
    </ClCompile>
    <ClCompile Include="src\logger.cpp">
      <Filter>Source Files</Filter>
    </ClCompile>
    <ClCompile Include="src\main.cpp">
      <Filter>Source Files</Filter>
    </ClCompile>
    <ClCompile Include="src\map.cpp">
      <Filter>Source Files</Filter>
    </ClCompile>
    <ClCompile Include="src\statemanager.cpp">
      <Filter>Source Files</Filter>
    </ClCompile>
    <ClCompile Include="src\texture.cpp">
      <Filter>Source Files</Filter>
    </ClCompile>
    <ClCompile Include="src\timer.cpp">
      <Filter>Source Files</Filter>
    </ClCompile>
    <ClCompile Include="src\vector.cpp">
      <Filter>Source Files</Filter>
    </ClCompile>
    <ClCompile Include="src\window.cpp">
      <Filter>Source Files</Filter>
    </ClCompile>
    <ClCompile Include="src\components\animatedsprite.cpp">
      <Filter>Source Files\components</Filter>
    </ClCompile>
    <ClCompile Include="src\components\base.cpp">
      <Filter>Source Files\components</Filter>
    </ClCompile>
    <ClCompile Include="src\components\graphics.cpp">
      <Filter>Source Files\components</Filter>
    </ClCompile>
    <ClCompile Include="src\components\position.cpp">
      <Filter>Source Files\components</Filter>
    </ClCompile>
    <ClCompile Include="src\components\staticsprite.cpp">
      <Filter>Source Files\components</Filter>
    </ClCompile>
    <ClCompile Include="src\entities\tux.cpp">
      <Filter>Source Files\entities</Filter>
    </ClCompile>
    <ClCompile Include="src\tmx\Component.cpp">
      <Filter>Source Files\tmx</Filter>
    </ClCompile>
    <ClCompile Include="src\tmx\Layers.cpp">
      <Filter>Source Files\tmx</Filter>
    </ClCompile>
    <ClCompile Include="src\tmx\LayerVisitor.cpp">
      <Filter>Source Files\tmx</Filter>
    </ClCompile>
    <ClCompile Include="src\tmx\Map.cpp">
      <Filter>Source Files\tmx</Filter>
    </ClCompile>
    <ClCompile Include="src\tmx\Object.cpp">
      <Filter>Source Files\tmx</Filter>
    </ClCompile>
    <ClCompile Include="src\tmx\Parser.cpp">
      <Filter>Source Files\tmx</Filter>
    </ClCompile>
    <ClCompile Include="src\tmx\TileSet.cpp">
      <Filter>Source Files\tmx</Filter>
    </ClCompile>
    <ClCompile Include="src\state.cpp">
      <Filter>Source Files</Filter>
    </ClCompile>
    <ClCompile Include="src\states\maingamestate.cpp">
      <Filter>Source Files\states</Filter>
    </ClCompile>
    <ClCompile Include="src\states\pausedstate.cpp">
      <Filter>Source Files\states</Filter>
    </ClCompile>
  </ItemGroup>
</Project>