<?xml version="1.0" encoding="utf-8"?>
<Project ToolsVersion="4.0" xmlns="http://schemas.microsoft.com/developer/msbuild/2003">
  <ItemGroup>
    <Filter Include="Source Files">
      <UniqueIdentifier>{4FC737F1-C7A5-4376-A066-2A32D752A2FF}</UniqueIdentifier>
      <Extensions>cpp;c;cc;cxx;def;odl;idl;hpj;bat;asm;asmx</Extensions>
    </Filter>
    <Filter Include="Header Files">
      <UniqueIdentifier>{93995380-89BD-4b04-88EB-625FBE52EBFB}</UniqueIdentifier>
      <Extensions>h;hh;hpp;hxx;hm;inl;inc;xsd</Extensions>
    </Filter>
    <Filter Include="Resource Files">
      <UniqueIdentifier>{67DA6AB6-F800-4c08-8B7A-83BB121AAD01}</UniqueIdentifier>
      <Extensions>rc;ico;cur;bmp;dlg;rc2;rct;bin;rgs;gif;jpg;jpeg;jpe;resx;tiff;tif;png;wav;mfcribbon-ms</Extensions>
    </Filter>
    <Filter Include="Header Files\components">
      <UniqueIdentifier>{8df8398e-1c41-407d-b616-1855a9dee1b8}</UniqueIdentifier>
    </Filter>
    <Filter Include="Header Files\entities">
      <UniqueIdentifier>{d2017e20-0f47-4ef6-9c66-2b302724ef80}</UniqueIdentifier>
    </Filter>
    <Filter Include="Header Files\tmx">
      <UniqueIdentifier>{a553ca60-cb8c-4f85-bb53-b1198c171e8e}</UniqueIdentifier>
    </Filter>
    <Filter Include="Source Files\components">
      <UniqueIdentifier>{8a52089d-12f4-4bac-8d6b-80b957ca86da}</UniqueIdentifier>
    </Filter>
    <Filter Include="Source Files\entities">
      <UniqueIdentifier>{a87492ca-6a16-4fc6-9996-d783e761bd96}</UniqueIdentifier>
    </Filter>
    <Filter Include="Source Files\tmx">
      <UniqueIdentifier>{673d26d1-7125-4b8f-868a-9210f0b542bb}</UniqueIdentifier>
    </Filter>
    <Filter Include="Header Files\states">
      <UniqueIdentifier>{9ed73758-dddd-49f0-969e-5339a6e35c45}</UniqueIdentifier>
    </Filter>
    <Filter Include="Source Files\states">
      <UniqueIdentifier>{9ff00265-6913-4d43-ab84-96882de94c46}</UniqueIdentifier>
    </Filter>
    <Filter Include="Header Files\actions">
      <UniqueIdentifier>{a6b08cb5-b082-4ef5-a1f6-aca36fbe313d}</UniqueIdentifier>
    </Filter>
    <Filter Include="Source Files\actions">
      <UniqueIdentifier>{63e864fb-8713-443b-a2a0-710da48932e7}</UniqueIdentifier>
    </Filter>
    <Filter Include="Header Files\components\graphics">
      <UniqueIdentifier>{a0fe9675-9031-47fe-ae42-6b8f13465de3}</UniqueIdentifier>
    </Filter>
    <Filter Include="Source Files\components\graphics">
      <UniqueIdentifier>{9e2379d7-8a5a-4ecf-b9e7-9fdad688aff0}</UniqueIdentifier>
    </Filter>
    <Filter Include="Header Files\systems">
      <UniqueIdentifier>{c79780df-7e5c-4a69-b6f8-2f0c93b14b99}</UniqueIdentifier>
    </Filter>
    <Filter Include="Source Files\systems">
      <UniqueIdentifier>{cb4122ec-43e2-4f48-8828-fa9785b0c4ea}</UniqueIdentifier>
    </Filter>
    <Filter Include="Source Files\events">
      <UniqueIdentifier>{91df5f14-ccb8-4370-8df0-809c89b92a49}</UniqueIdentifier>
    </Filter>
    <Filter Include="Header Files\events">
      <UniqueIdentifier>{6cd5e047-b866-43de-b980-369f7f880d75}</UniqueIdentifier>
    </Filter>
    <Filter Include="Header Files\components\old">
      <UniqueIdentifier>{f0ec06af-3a1e-420d-bc1c-2704e028ec05}</UniqueIdentifier>
    </Filter>
    <Filter Include="Source Files\components\old">
      <UniqueIdentifier>{2b86dd5e-fa72-4be5-803b-ef27f66885fd}</UniqueIdentifier>
    </Filter>
  </ItemGroup>
  <ItemGroup>
    <ClInclude Include="include\camera.hpp">
      <Filter>Header Files</Filter>
    </ClInclude>
    <ClInclude Include="include\colors.hpp">
      <Filter>Header Files</Filter>
    </ClInclude>
    <ClInclude Include="include\defines.hpp">
      <Filter>Header Files</Filter>
    </ClInclude>
    <ClInclude Include="include\entity.hpp">
      <Filter>Header Files</Filter>
    </ClInclude>
    <ClInclude Include="include\exception.hpp">
      <Filter>Header Files</Filter>
    </ClInclude>
    <ClInclude Include="include\game.hpp">
      <Filter>Header Files</Filter>
    </ClInclude>
    <ClInclude Include="include\graphics.hpp">
      <Filter>Header Files</Filter>
    </ClInclude>
    <ClInclude Include="include\helper_events.hpp">
      <Filter>Header Files</Filter>
    </ClInclude>
    <ClInclude Include="include\level.hpp">
      <Filter>Header Files</Filter>
    </ClInclude>
    <ClInclude Include="include\logger.hpp">
      <Filter>Header Files</Filter>
    </ClInclude>
    <ClInclude Include="include\map.hpp">
      <Filter>Header Files</Filter>
    </ClInclude>
    <ClInclude Include="include\resourcemanager.hpp">
      <Filter>Header Files</Filter>
    </ClInclude>
    <ClInclude Include="include\state.hpp">
      <Filter>Header Files</Filter>
    </ClInclude>
    <ClInclude Include="include\statemanager.hpp">
      <Filter>Header Files</Filter>
    </ClInclude>
    <ClInclude Include="include\texture.hpp">
      <Filter>Header Files</Filter>
    </ClInclude>
    <ClInclude Include="include\timer.hpp">
      <Filter>Header Files</Filter>
    </ClInclude>
    <ClInclude Include="include\vector.hpp">
      <Filter>Header Files</Filter>
    </ClInclude>
    <ClInclude Include="include\window.hpp">
      <Filter>Header Files</Filter>
    </ClInclude>
    <ClInclude Include="include\components\position.hpp">
      <Filter>Header Files\components</Filter>
    </ClInclude>
    <ClInclude Include="include\entities\tux.hpp">
      <Filter>Header Files\entities</Filter>
    </ClInclude>
    <ClInclude Include="include\tmx\Adaptor.h">
      <Filter>Header Files\tmx</Filter>
    </ClInclude>
    <ClInclude Include="include\tmx\Cell.h">
      <Filter>Header Files\tmx</Filter>
    </ClInclude>
    <ClInclude Include="include\tmx\Component.h">
      <Filter>Header Files\tmx</Filter>
    </ClInclude>
    <ClInclude Include="include\tmx\Geometry.h">
      <Filter>Header Files\tmx</Filter>
    </ClInclude>
    <ClInclude Include="include\tmx\Image.h">
      <Filter>Header Files\tmx</Filter>
    </ClInclude>
    <ClInclude Include="include\tmx\ImageLayer.h">
      <Filter>Header Files\tmx</Filter>
    </ClInclude>
    <ClInclude Include="include\tmx\Layer.h">
      <Filter>Header Files\tmx</Filter>
    </ClInclude>
    <ClInclude Include="include\tmx\LayerVisitor.h">
      <Filter>Header Files\tmx</Filter>
    </ClInclude>
    <ClInclude Include="include\tmx\Map.h">
      <Filter>Header Files\tmx</Filter>
    </ClInclude>
    <ClInclude Include="include\tmx\Object.h">
      <Filter>Header Files\tmx</Filter>
    </ClInclude>
    <ClInclude Include="include\tmx\ObjectLayer.h">
      <Filter>Header Files\tmx</Filter>
    </ClInclude>
    <ClInclude Include="include\tmx\Terrain.h">
      <Filter>Header Files\tmx</Filter>
    </ClInclude>
    <ClInclude Include="include\tmx\Tile.h">
      <Filter>Header Files\tmx</Filter>
    </ClInclude>
    <ClInclude Include="include\tmx\TileLayer.h">
      <Filter>Header Files\tmx</Filter>
    </ClInclude>
    <ClInclude Include="include\tmx\TileSet.h">
      <Filter>Header Files\tmx</Filter>
    </ClInclude>
    <ClInclude Include="include\states\maingamestate.hpp">
      <Filter>Header Files\states</Filter>
    </ClInclude>
    <ClInclude Include="include\states\pausedstate.hpp">
      <Filter>Header Files\states</Filter>
    </ClInclude>
    <ClInclude Include="include\entities\dog.hpp">
      <Filter>Header Files\entities</Filter>
    </ClInclude>
    <ClInclude Include="include\variant.hpp">
      <Filter>Header Files</Filter>
    </ClInclude>
    <ClInclude Include="include\actions\base.hpp">
      <Filter>Header Files\actions</Filter>
    </ClInclude>
    <ClInclude Include="include\actions\movement.hpp">
      <Filter>Header Files\actions</Filter>
    </ClInclude>
    <ClInclude Include="include\components\graphics\base.hpp">
      <Filter>Header Files\components\graphics</Filter>
    </ClInclude>
    <ClInclude Include="include\components\graphics\sprite.hpp">
      <Filter>Header Files\components\graphics</Filter>
    </ClInclude>
    <ClInclude Include="include\states\new_maingamestate.hpp">
      <Filter>Header Files\states</Filter>
    </ClInclude>
    <ClInclude Include="include\entitymanager.hpp">
      <Filter>Header Files</Filter>
    </ClInclude>
    <ClInclude Include="include\new_entity.hpp">
      <Filter>Header Files</Filter>
    </ClInclude>
    <ClInclude Include="include\stringable.hpp">
      <Filter>Header Files</Filter>
    </ClInclude>
    <ClInclude Include="include\systems\base.hpp">
      <Filter>Header Files\systems</Filter>
    </ClInclude>
    <ClInclude Include="include\systems\graphics.hpp">
      <Filter>Header Files\systems</Filter>
    </ClInclude>
    <ClInclude Include="include\events\base.hpp">
      <Filter>Header Files\events</Filter>
    </ClInclude>
    <ClInclude Include="include\events\dispatcher.hpp">
      <Filter>Header Files\events</Filter>
    </ClInclude>
    <ClInclude Include="include\events\subscriber.hpp">
      <Filter>Header Files\events</Filter>
    </ClInclude>
    <ClInclude Include="include\components\base.hpp">
      <Filter>Header Files\components</Filter>
    </ClInclude>
    <ClInclude Include="include\components\.old\actionqueue.hpp">
      <Filter>Header Files\components\old</Filter>
    </ClInclude>
    <ClInclude Include="include\components\.old\animatedsprite.hpp">
      <Filter>Header Files\components\old</Filter>
    </ClInclude>
    <ClInclude Include="include\components\.old\base.hpp">
      <Filter>Header Files\components\old</Filter>
    </ClInclude>
    <ClInclude Include="include\components\.old\graphics.hpp">
      <Filter>Header Files\components\old</Filter>
    </ClInclude>
    <ClInclude Include="include\components\.old\propertylist.hpp">
      <Filter>Header Files\components\old</Filter>
    </ClInclude>
    <ClInclude Include="include\components\.old\staticsprite.hpp">
      <Filter>Header Files\components\old</Filter>
    </ClInclude>
    <ClInclude Include="include\components\mapposition.hpp">
      <Filter>Header Files\components</Filter>
    </ClInclude>
    <ClInclude Include="include\events\callback.hpp">
      <Filter>Header Files\events</Filter>
    </ClInclude>
    <ClInclude Include="include\systems\input.hpp">
      <Filter>Header Files\systems</Filter>
    </ClInclude>
  </ItemGroup>
  <ItemGroup>
    <ClCompile Include="src\camera.cpp">
      <Filter>Source Files</Filter>
    </ClCompile>
    <ClCompile Include="src\colors.cpp">
      <Filter>Source Files</Filter>
    </ClCompile>
    <ClCompile Include="src\entity.cpp">
      <Filter>Source Files</Filter>
    </ClCompile>
    <ClCompile Include="src\game.cpp">
      <Filter>Source Files</Filter>
    </ClCompile>
    <ClCompile Include="src\graphics.cpp">
      <Filter>Source Files</Filter>
    </ClCompile>
    <ClCompile Include="src\helper_events.cpp">
      <Filter>Source Files</Filter>
    </ClCompile>
    <ClCompile Include="src\level.cpp">
      <Filter>Source Files</Filter>
    </ClCompile>
    <ClCompile Include="src\logger.cpp">
      <Filter>Source Files</Filter>
    </ClCompile>
    <ClCompile Include="src\main.cpp">
      <Filter>Source Files</Filter>
    </ClCompile>
    <ClCompile Include="src\map.cpp">
      <Filter>Source Files</Filter>
    </ClCompile>
    <ClCompile Include="src\statemanager.cpp">
      <Filter>Source Files</Filter>
    </ClCompile>
    <ClCompile Include="src\texture.cpp">
      <Filter>Source Files</Filter>
    </ClCompile>
    <ClCompile Include="src\timer.cpp">
      <Filter>Source Files</Filter>
    </ClCompile>
    <ClCompile Include="src\vector.cpp">
      <Filter>Source Files</Filter>
    </ClCompile>
    <ClCompile Include="src\window.cpp">
      <Filter>Source Files</Filter>
    </ClCompile>
    <ClCompile Include="src\components\position.cpp">
      <Filter>Source Files\components</Filter>
    </ClCompile>
    <ClCompile Include="src\entities\tux.cpp">
      <Filter>Source Files\entities</Filter>
    </ClCompile>
    <ClCompile Include="src\tmx\Component.cpp">
      <Filter>Source Files\tmx</Filter>
    </ClCompile>
    <ClCompile Include="src\tmx\Layers.cpp">
      <Filter>Source Files\tmx</Filter>
    </ClCompile>
    <ClCompile Include="src\tmx\LayerVisitor.cpp">
      <Filter>Source Files\tmx</Filter>
    </ClCompile>
    <ClCompile Include="src\tmx\Map.cpp">
      <Filter>Source Files\tmx</Filter>
    </ClCompile>
    <ClCompile Include="src\tmx\Object.cpp">
      <Filter>Source Files\tmx</Filter>
    </ClCompile>
    <ClCompile Include="src\tmx\Parser.cpp">
      <Filter>Source Files\tmx</Filter>
    </ClCompile>
    <ClCompile Include="src\tmx\TileSet.cpp">
      <Filter>Source Files\tmx</Filter>
    </ClCompile>
    <ClCompile Include="src\state.cpp">
      <Filter>Source Files</Filter>
    </ClCompile>
    <ClCompile Include="src\states\maingamestate.cpp">
      <Filter>Source Files\states</Filter>
    </ClCompile>
    <ClCompile Include="src\states\pausedstate.cpp">
      <Filter>Source Files\states</Filter>
    </ClCompile>
    <ClCompile Include="src\entities\dog.cpp">
      <Filter>Source Files\entities</Filter>
    </ClCompile>
    <ClCompile Include="src\actions\base.cpp">
      <Filter>Source Files\actions</Filter>
    </ClCompile>
    <ClCompile Include="src\actions\movement.cpp">
      <Filter>Source Files\actions</Filter>
    </ClCompile>
    <ClCompile Include="src\components\graphics\base.cpp">
      <Filter>Source Files\components\graphics</Filter>
    </ClCompile>
    <ClCompile Include="src\components\graphics\sprite.cpp">
      <Filter>Source Files\components\graphics</Filter>
    </ClCompile>
    <ClCompile Include="src\states\new_maingamestate.cpp">
      <Filter>Source Files\states</Filter>
    </ClCompile>
    <ClCompile Include="src\systems\base.cpp">
      <Filter>Source Files\systems</Filter>
    </ClCompile>
    <ClCompile Include="src\systems\graphics.cpp">
      <Filter>Source Files\systems</Filter>
    </ClCompile>
    <ClCompile Include="src\events\dispatcher.cpp">
      <Filter>Source Files\events</Filter>
    </ClCompile>
    <ClCompile Include="src\entitymanager.cpp">
      <Filter>Source Files</Filter>
    </ClCompile>
    <ClCompile Include="src\new_entity.cpp">
      <Filter>Source Files</Filter>
    </ClCompile>
    <ClCompile Include="src\components\base.cpp">
      <Filter>Source Files\components</Filter>
    </ClCompile>
    <ClCompile Include="src\components\.old\actionqueue.cpp">
      <Filter>Source Files\components\old</Filter>
    </ClCompile>
    <ClCompile Include="src\components\.old\animatedsprite.cpp">
      <Filter>Source Files\components\old</Filter>
    </ClCompile>
    <ClCompile Include="src\components\.old\base.cpp">
      <Filter>Source Files\components\old</Filter>
    </ClCompile>
    <ClCompile Include="src\components\.old\graphics.cpp">
      <Filter>Source Files\components\old</Filter>
    </ClCompile>
    <ClCompile Include="src\components\.old\propertylist.cpp">
      <Filter>Source Files\components\old</Filter>
    </ClCompile>
    <ClCompile Include="src\components\.old\staticsprite.cpp">
      <Filter>Source Files\components\old</Filter>
    </ClCompile>
    <ClCompile Include="src\components\mapposition.cpp">
      <Filter>Source Files\components</Filter>
    </ClCompile>
    <ClCompile Include="src\events\callback.cpp">
      <Filter>Source Files\events</Filter>
    </ClCompile>
  </ItemGroup>
</Project>